
Microsoft Visual Studio Solution File, Format Version 12.00
# Visual Studio Version 16
VisualStudioVersion = 16.0.30717.126
MinimumVisualStudioVersion = 10.0.40219.1
Project("{FAE04EC0-301F-11D3-BF4B-00C04F79EFBC}") = "PacMan", "PacMan\PacMan.csproj", "{4DC10FBB-92CF-4D52-99F2-F617ACF15B50}"
EndProject
Global
	GlobalSection(SolutionConfigurationPlatforms) = preSolution
		Debug|Any CPU = Debug|Any CPU
		Release|Any CPU = Release|Any CPU
	EndGlobalSection
	GlobalSection(ProjectConfigurationPlatforms) = postSolution
		{4DC10FBB-92CF-4D52-99F2-F617ACF15B50}.Debug|Any CPU.ActiveCfg = Debug|Any CPU
		{4DC10FBB-92CF-4D52-99F2-F617ACF15B50}.Debug|Any CPU.Build.0 = Debug|Any CPU
		{4DC10FBB-92CF-4D52-99F2-F617ACF15B50}.Release|Any CPU.ActiveCfg = Release|Any CPU
		{4DC10FBB-92CF-4D52-99F2-F617ACF15B50}.Release|Any CPU.Build.0 = Release|Any CPU
	EndGlobalSection
	GlobalSection(SolutionProperties) = preSolution
		HideSolutionNode = FALSE
	EndGlobalSection
	GlobalSection(ExtensibilityGlobals) = postSolution
		SolutionGuid = {92CA9140-E740-40C8-A353-0613F4408BCB}
	EndGlobalSection
EndGlobal
